{
  "name": "1Corre",
  "lockfileVersion": 3,
  "requires": true,
  "packages": {
    "": {
      "dependencies": {
        "inputmask": "^5.0.10-beta.11"
      }
    },
    "node_modules/inputmask": {
      "version": "5.0.10-beta.11",
      "resolved": "https://registry.npmjs.org/inputmask/-/inputmask-5.0.10-beta.11.tgz",
      "integrity": "sha512-+tBe7fbGfOmf2frDhhxJHeeBQ4Na00cEl23ie7G+O0TMtFnQDhJYTFnWKi9EdzqaEEG7R82tI5JRr8Ngzbd1RQ==",
      "license": "MIT"
    }
  }
}
